// !$*UTF8*$!
{
	archiveVersion = 1;
	classes = {
	};
	objectVersion = 52;
	objects = {

/* Begin PBXBuildFile section */
		8565BCE1258BB43500E168C2 /* SuggestionsViewController.swift in Sources */ = {isa = PBXBuildFile; fileRef = 8565BCE0258BB43500E168C2 /* SuggestionsViewController.swift */; };
		856DDBEA258A996C001485A8 /* AppDelegate.swift in Sources */ = {isa = PBXBuildFile; fileRef = 856DDBE9258A996C001485A8 /* AppDelegate.swift */; };
		856DDBEE258A996C001485A8 /* UserInfoViewController.swift in Sources */ = {isa = PBXBuildFile; fileRef = 856DDBED258A996C001485A8 /* UserInfoViewController.swift */; };
		856DDBF1258A996C001485A8 /* Main.storyboard in Resources */ = {isa = PBXBuildFile; fileRef = 856DDBEF258A996C001485A8 /* Main.storyboard */; };
		856DDBF3258A996E001485A8 /* Assets.xcassets in Resources */ = {isa = PBXBuildFile; fileRef = 856DDBF2258A996E001485A8 /* Assets.xcassets */; };
		856DDBF6258A996E001485A8 /* LaunchScreen.storyboard in Resources */ = {isa = PBXBuildFile; fileRef = 856DDBF4258A996E001485A8 /* LaunchScreen.storyboard */; };
		85A534EA258AA06700531C95 /* NeevaSupport in Frameworks */ = {isa = PBXBuildFile; productRef = 85A534E9258AA06700531C95 /* NeevaSupport */; };
		85A534F3258AA98900531C95 /* SceneDelegate.swift in Sources */ = {isa = PBXBuildFile; fileRef = 85A534F2258AA98900531C95 /* SceneDelegate.swift */; };
/* End PBXBuildFile section */

/* Begin PBXFileReference section */
		8565BCE0258BB43500E168C2 /* SuggestionsViewController.swift */ = {isa = PBXFileReference; lastKnownFileType = sourcecode.swift; path = SuggestionsViewController.swift; sourceTree = "<group>"; };
		856DDBE6258A996C001485A8 /* Neeva iOS Support.app */ = {isa = PBXFileReference; explicitFileType = wrapper.application; includeInIndex = 0; path = "Neeva iOS Support.app"; sourceTree = BUILT_PRODUCTS_DIR; };
		856DDBE9258A996C001485A8 /* AppDelegate.swift */ = {isa = PBXFileReference; lastKnownFileType = sourcecode.swift; name = AppDelegate.swift; path = "Neeva iOS Support/AppDelegate.swift"; sourceTree = "<group>"; };
		856DDBED258A996C001485A8 /* UserInfoViewController.swift */ = {isa = PBXFileReference; lastKnownFileType = sourcecode.swift; path = UserInfoViewController.swift; sourceTree = "<group>"; };
		856DDBF0258A996C001485A8 /* Base */ = {isa = PBXFileReference; lastKnownFileType = file.storyboard; name = Base; path = Base.lproj/Main.storyboard; sourceTree = "<group>"; };
		856DDBF2258A996E001485A8 /* Assets.xcassets */ = {isa = PBXFileReference; lastKnownFileType = folder.assetcatalog; path = Assets.xcassets; sourceTree = "<group>"; };
		856DDBF5258A996E001485A8 /* Base */ = {isa = PBXFileReference; lastKnownFileType = file.storyboard; name = Base; path = Base.lproj/LaunchScreen.storyboard; sourceTree = "<group>"; };
		856DDBF7258A996E001485A8 /* Info.plist */ = {isa = PBXFileReference; lastKnownFileType = text.plist.xml; name = Info.plist; path = "Neeva iOS Support/Info.plist"; sourceTree = "<group>"; };
		856DDC1A258A9E72001485A8 /* neeva-ios-support */ = {isa = PBXFileReference; lastKnownFileType = folder; name = "neeva-ios-support"; path = ..; sourceTree = "<group>"; };
		85A534F2258AA98900531C95 /* SceneDelegate.swift */ = {isa = PBXFileReference; fileEncoding = 4; lastKnownFileType = sourcecode.swift; name = SceneDelegate.swift; path = "Neeva iOS Support/SceneDelegate.swift"; sourceTree = "<group>"; };
/* End PBXFileReference section */

/* Begin PBXFrameworksBuildPhase section */
		856DDBE3258A996C001485A8 /* Frameworks */ = {
			isa = PBXFrameworksBuildPhase;
			buildActionMask = 2147483647;
			files = (
				85A534EA258AA06700531C95 /* NeevaSupport in Frameworks */,
			);
			runOnlyForDeploymentPostprocessing = 0;
		};
/* End PBXFrameworksBuildPhase section */

/* Begin PBXGroup section */
		856DDBDD258A996C001485A8 = {
			isa = PBXGroup;
			children = (
				856DDBE8258A996C001485A8 /* Neeva iOS Support */,
				856DDBE7258A996C001485A8 /* Products */,
				856DDC1D258A9F1F001485A8 /* Frameworks */,
			);
			sourceTree = "<group>";
		};
		856DDBE7258A996C001485A8 /* Products */ = {
			isa = PBXGroup;
			children = (
				856DDBE6258A996C001485A8 /* Neeva iOS Support.app */,
			);
			name = Products;
			sourceTree = "<group>";
		};
		856DDBE8258A996C001485A8 /* Neeva iOS Support */ = {
			isa = PBXGroup;
			children = (
				856DDBED258A996C001485A8 /* UserInfoViewController.swift */,
				856DDBEF258A996C001485A8 /* Main.storyboard */,
				8565BCE0258BB43500E168C2 /* SuggestionsViewController.swift */,
				85A534EE258AA86800531C95 /* Supporting Files */,
			);
			path = "Neeva iOS Support";
			sourceTree = "<group>";
		};
		856DDC1D258A9F1F001485A8 /* Frameworks */ = {
			isa = PBXGroup;
			children = (
				856DDC1A258A9E72001485A8 /* neeva-ios-support */,
			);
			name = Frameworks;
			sourceTree = "<group>";
		};
		85A534EE258AA86800531C95 /* Supporting Files */ = {
			isa = PBXGroup;
			children = (
				856DDBE9258A996C001485A8 /* AppDelegate.swift */,
				85A534F2258AA98900531C95 /* SceneDelegate.swift */,
				856DDBF2258A996E001485A8 /* Assets.xcassets */,
				856DDBF4258A996E001485A8 /* LaunchScreen.storyboard */,
				856DDBF7258A996E001485A8 /* Info.plist */,
			);
			name = "Supporting Files";
			path = ..;
			sourceTree = "<group>";
		};
/* End PBXGroup section */

/* Begin PBXNativeTarget section */
		856DDBE5258A996C001485A8 /* Neeva iOS Support */ = {
			isa = PBXNativeTarget;
			buildConfigurationList = 856DDBFA258A996E001485A8 /* Build configuration list for PBXNativeTarget "Neeva iOS Support" */;
			buildPhases = (
				856DDBE2258A996C001485A8 /* Sources */,
				856DDBE3258A996C001485A8 /* Frameworks */,
				856DDBE4258A996C001485A8 /* Resources */,
			);
			buildRules = (
			);
			dependencies = (
			);
			name = "Neeva iOS Support";
			packageProductDependencies = (
				85A534E9258AA06700531C95 /* NeevaSupport */,
			);
			productName = "Neeva iOS Support";
			productReference = 856DDBE6258A996C001485A8 /* Neeva iOS Support.app */;
			productType = "com.apple.product-type.application";
		};
/* End PBXNativeTarget section */

/* Begin PBXProject section */
		856DDBDE258A996C001485A8 /* Project object */ = {
			isa = PBXProject;
			attributes = {
				LastSwiftUpdateCheck = 1220;
				LastUpgradeCheck = 1220;
				TargetAttributes = {
					856DDBE5258A996C001485A8 = {
						CreatedOnToolsVersion = 12.2;
					};
				};
			};
			buildConfigurationList = 856DDBE1258A996C001485A8 /* Build configuration list for PBXProject "Demo App" */;
			compatibilityVersion = "Xcode 9.3";
			developmentRegion = en;
			hasScannedForEncodings = 0;
			knownRegions = (
				en,
				Base,
			);
			mainGroup = 856DDBDD258A996C001485A8;
			packageReferences = (
			);
			productRefGroup = 856DDBE7258A996C001485A8 /* Products */;
			projectDirPath = "";
			projectRoot = "";
			targets = (
				856DDBE5258A996C001485A8 /* Neeva iOS Support */,
			);
		};
/* End PBXProject section */

/* Begin PBXResourcesBuildPhase section */
		856DDBE4258A996C001485A8 /* Resources */ = {
			isa = PBXResourcesBuildPhase;
			buildActionMask = 2147483647;
			files = (
				856DDBF6258A996E001485A8 /* LaunchScreen.storyboard in Resources */,
				856DDBF3258A996E001485A8 /* Assets.xcassets in Resources */,
				856DDBF1258A996C001485A8 /* Main.storyboard in Resources */,
			);
			runOnlyForDeploymentPostprocessing = 0;
		};
/* End PBXResourcesBuildPhase section */

/* Begin PBXSourcesBuildPhase section */
		856DDBE2258A996C001485A8 /* Sources */ = {
			isa = PBXSourcesBuildPhase;
			buildActionMask = 2147483647;
			files = (
				8565BCE1258BB43500E168C2 /* SuggestionsViewController.swift in Sources */,
				856DDBEE258A996C001485A8 /* UserInfoViewController.swift in Sources */,
				856DDBEA258A996C001485A8 /* AppDelegate.swift in Sources */,
				85A534F3258AA98900531C95 /* SceneDelegate.swift in Sources */,
			);
			runOnlyForDeploymentPostprocessing = 0;
		};
/* End PBXSourcesBuildPhase section */

/* Begin PBXVariantGroup section */
		856DDBEF258A996C001485A8 /* Main.storyboard */ = {
			isa = PBXVariantGroup;
			children = (
				856DDBF0258A996C001485A8 /* Base */,
			);
			name = Main.storyboard;
			sourceTree = "<group>";
		};
		856DDBF4258A996E001485A8 /* LaunchScreen.storyboard */ = {
			isa = PBXVariantGroup;
			children = (
				856DDBF5258A996E001485A8 /* Base */,
			);
			name = LaunchScreen.storyboard;
			sourceTree = "<group>";
		};
/* End PBXVariantGroup section */

/* Begin XCBuildConfiguration section */
		856DDBF8258A996E001485A8 /* Debug */ = {
			isa = XCBuildConfiguration;
			buildSettings = {
				ALWAYS_SEARCH_USER_PATHS = NO;
				CLANG_ANALYZER_NONNULL = YES;
				CLANG_ANALYZER_NUMBER_OBJECT_CONVERSION = YES_AGGRESSIVE;
				CLANG_CXX_LANGUAGE_STANDARD = "gnu++14";
				CLANG_CXX_LIBRARY = "libc++";
				CLANG_ENABLE_MODULES = YES;
				CLANG_ENABLE_OBJC_ARC = YES;
				CLANG_ENABLE_OBJC_WEAK = YES;
				CLANG_WARN_BLOCK_CAPTURE_AUTORELEASING = YES;
				CLANG_WARN_BOOL_CONVERSION = YES;
				CLANG_WARN_COMMA = YES;
				CLANG_WARN_CONSTANT_CONVERSION = YES;
				CLANG_WARN_DEPRECATED_OBJC_IMPLEMENTATIONS = YES;
				CLANG_WARN_DIRECT_OBJC_ISA_USAGE = YES_ERROR;
				CLANG_WARN_DOCUMENTATION_COMMENTS = YES;
				CLANG_WARN_EMPTY_BODY = YES;
				CLANG_WARN_ENUM_CONVERSION = YES;
				CLANG_WARN_INFINITE_RECURSION = YES;
				CLANG_WARN_INT_CONVERSION = YES;
				CLANG_WARN_NON_LITERAL_NULL_CONVERSION = YES;
				CLANG_WARN_OBJC_IMPLICIT_RETAIN_SELF = YES;
				CLANG_WARN_OBJC_LITERAL_CONVERSION = YES;
				CLANG_WARN_OBJC_ROOT_CLASS = YES_ERROR;
				CLANG_WARN_QUOTED_INCLUDE_IN_FRAMEWORK_HEADER = YES;
				CLANG_WARN_RANGE_LOOP_ANALYSIS = YES;
				CLANG_WARN_STRICT_PROTOTYPES = YES;
				CLANG_WARN_SUSPICIOUS_MOVE = YES;
				CLANG_WARN_UNGUARDED_AVAILABILITY = YES_AGGRESSIVE;
				CLANG_WARN_UNREACHABLE_CODE = YES;
				CLANG_WARN__DUPLICATE_METHOD_MATCH = YES;
				COPY_PHASE_STRIP = NO;
				DEBUG_INFORMATION_FORMAT = dwarf;
				ENABLE_STRICT_OBJC_MSGSEND = YES;
				ENABLE_TESTABILITY = YES;
				GCC_C_LANGUAGE_STANDARD = gnu11;
				GCC_DYNAMIC_NO_PIC = NO;
				GCC_NO_COMMON_BLOCKS = YES;
				GCC_OPTIMIZATION_LEVEL = 0;
				GCC_PREPROCESSOR_DEFINITIONS = (
					"DEBUG=1",
					"$(inherited)",
				);
				GCC_WARN_64_TO_32_BIT_CONVERSION = YES;
				GCC_WARN_ABOUT_RETURN_TYPE = YES_ERROR;
				GCC_WARN_UNDECLARED_SELECTOR = YES;
				GCC_WARN_UNINITIALIZED_AUTOS = YES_AGGRESSIVE;
				GCC_WARN_UNUSED_FUNCTION = YES;
				GCC_WARN_UNUSED_VARIABLE = YES;
				IPHONEOS_DEPLOYMENT_TARGET = 14.2;
				MTL_ENABLE_DEBUG_INFO = INCLUDE_SOURCE;
				MTL_FAST_MATH = YES;
				ONLY_ACTIVE_ARCH = YES;
				SDKROOT = iphoneos;
				SWIFT_ACTIVE_COMPILATION_CONDITIONS = DEBUG;
				SWIFT_OPTIMIZATION_LEVEL = "-Onone";
			};
			name = Debug;
		};
		856DDBF9258A996E001485A8 /* Release */ = {
			isa = XCBuildConfiguration;
			buildSettings = {
				ALWAYS_SEARCH_USER_PATHS = NO;
				CLANG_ANALYZER_NONNULL = YES;
				CLANG_ANALYZER_NUMBER_OBJECT_CONVERSION = YES_AGGRESSIVE;
				CLANG_CXX_LANGUAGE_STANDARD = "gnu++14";
				CLANG_CXX_LIBRARY = "libc++";
				CLANG_ENABLE_MODULES = YES;
				CLANG_ENABLE_OBJC_ARC = YES;
				CLANG_ENABLE_OBJC_WEAK = YES;
				CLANG_WARN_BLOCK_CAPTURE_AUTORELEASING = YES;
				CLANG_WARN_BOOL_CONVERSION = YES;
				CLANG_WARN_COMMA = YES;
				CLANG_WARN_CONSTANT_CONVERSION = YES;
				CLANG_WARN_DEPRECATED_OBJC_IMPLEMENTATIONS = YES;
				CLANG_WARN_DIRECT_OBJC_ISA_USAGE = YES_ERROR;
				CLANG_WARN_DOCUMENTATION_COMMENTS = YES;
				CLANG_WARN_EMPTY_BODY = YES;
				CLANG_WARN_ENUM_CONVERSION = YES;
				CLANG_WARN_INFINITE_RECURSION = YES;
				CLANG_WARN_INT_CONVERSION = YES;
				CLANG_WARN_NON_LITERAL_NULL_CONVERSION = YES;
				CLANG_WARN_OBJC_IMPLICIT_RETAIN_SELF = YES;
				CLANG_WARN_OBJC_LITERAL_CONVERSION = YES;
				CLANG_WARN_OBJC_ROOT_CLASS = YES_ERROR;
				CLANG_WARN_QUOTED_INCLUDE_IN_FRAMEWORK_HEADER = YES;
				CLANG_WARN_RANGE_LOOP_ANALYSIS = YES;
				CLANG_WARN_STRICT_PROTOTYPES = YES;
				CLANG_WARN_SUSPICIOUS_MOVE = YES;
				CLANG_WARN_UNGUARDED_AVAILABILITY = YES_AGGRESSIVE;
				CLANG_WARN_UNREACHABLE_CODE = YES;
				CLANG_WARN__DUPLICATE_METHOD_MATCH = YES;
				COPY_PHASE_STRIP = NO;
				DEBUG_INFORMATION_FORMAT = "dwarf-with-dsym";
				ENABLE_NS_ASSERTIONS = NO;
				ENABLE_STRICT_OBJC_MSGSEND = YES;
				GCC_C_LANGUAGE_STANDARD = gnu11;
				GCC_NO_COMMON_BLOCKS = YES;
				GCC_WARN_64_TO_32_BIT_CONVERSION = YES;
				GCC_WARN_ABOUT_RETURN_TYPE = YES_ERROR;
				GCC_WARN_UNDECLARED_SELECTOR = YES;
				GCC_WARN_UNINITIALIZED_AUTOS = YES_AGGRESSIVE;
				GCC_WARN_UNUSED_FUNCTION = YES;
				GCC_WARN_UNUSED_VARIABLE = YES;
				IPHONEOS_DEPLOYMENT_TARGET = 14.2;
				MTL_ENABLE_DEBUG_INFO = NO;
				MTL_FAST_MATH = YES;
				SDKROOT = iphoneos;
				SWIFT_COMPILATION_MODE = wholemodule;
				SWIFT_OPTIMIZATION_LEVEL = "-O";
				VALIDATE_PRODUCT = YES;
			};
			name = Release;
		};
		856DDBFB258A996E001485A8 /* Debug */ = {
			isa = XCBuildConfiguration;
			buildSettings = {
				ASSETCATALOG_COMPILER_APPICON_NAME = AppIcon;
				ASSETCATALOG_COMPILER_GLOBAL_ACCENT_COLOR_NAME = AccentColor;
				CODE_SIGN_STYLE = Automatic;
				DEVELOPMENT_TEAM = A9735M6NPH;
				INFOPLIST_FILE = "Neeva iOS Support/Info.plist";
				LD_RUNPATH_SEARCH_PATHS = (
					"$(inherited)",
					"@executable_path/Frameworks",
				);
				PRODUCT_BUNDLE_IDENTIFIER = "co.neeva.Neeva-iOS-Support";
				PRODUCT_NAME = "$(TARGET_NAME)";
				SWIFT_VERSION = 5.0;
				TARGETED_DEVICE_FAMILY = "1,2";
			};
			name = Debug;
		};
		856DDBFC258A996E001485A8 /* Release */ = {
			isa = XCBuildConfiguration;
			buildSettings = {
				ASSETCATALOG_COMPILER_APPICON_NAME = AppIcon;
				ASSETCATALOG_COMPILER_GLOBAL_ACCENT_COLOR_NAME = AccentColor;
				CODE_SIGN_STYLE = Automatic;
				DEVELOPMENT_TEAM = A9735M6NPH;
				INFOPLIST_FILE = "Neeva iOS Support/Info.plist";
				LD_RUNPATH_SEARCH_PATHS = (
					"$(inherited)",
					"@executable_path/Frameworks",
				);
				PRODUCT_BUNDLE_IDENTIFIER = "co.neeva.Neeva-iOS-Support";
				PRODUCT_NAME = "$(TARGET_NAME)";
				SWIFT_VERSION = 5.0;
				TARGETED_DEVICE_FAMILY = "1,2";
			};
			name = Release;
		};
/* End XCBuildConfiguration section */

/* Begin XCConfigurationList section */
		856DDBE1258A996C001485A8 /* Build configuration list for PBXProject "Demo App" */ = {
			isa = XCConfigurationList;
			buildConfigurations = (
				856DDBF8258A996E001485A8 /* Debug */,
				856DDBF9258A996E001485A8 /* Release */,
			);
			defaultConfigurationIsVisible = 0;
			defaultConfigurationName = Release;
		};
		856DDBFA258A996E001485A8 /* Build configuration list for PBXNativeTarget "Neeva iOS Support" */ = {
			isa = XCConfigurationList;
			buildConfigurations = (
				856DDBFB258A996E001485A8 /* Debug */,
				856DDBFC258A996E001485A8 /* Release */,
			);
			defaultConfigurationIsVisible = 0;
			defaultConfigurationName = Release;
		};
/* End XCConfigurationList section */

/* Begin XCSwiftPackageProductDependency section */
		85A534E9258AA06700531C95 /* NeevaSupport */ = {
			isa = XCSwiftPackageProductDependency;
			productName = NeevaSupport;
		};
/* End XCSwiftPackageProductDependency section */
	};
	rootObject = 856DDBDE258A996C001485A8 /* Project object */;
}
